# This file is autogenerated, do not edit; changes may be undone by the next 'dep ensure'.


[[projects]]
  name = "github.com/fsnotify/fsnotify"
  packages = ["."]
  revision = "629574ca2a5df945712d3079857300b5e4da0236"
  version = "v1.4.2"

[[projects]]
  branch = "master"
  name = "github.com/lucasb-eyer/go-colorful"
  packages = ["."]
  revision = "231272389856c976b7500c4fffcc52ddf06ff4eb"

[[projects]]
  name = "github.com/mattn/go-runewidth"
  packages = ["."]
  revision = "9e777a8366cce605130a531d2cd6363d07ad7317"
  version = "v0.0.2"

[[projects]]
  branch = "master"
  name = "golang.org/x/sys"
  packages = ["unix"]
  revision = "d818ba11af4465e00c1998bd3f8a55603b422290"

[[projects]]
  name = "gopkg.in/cheggaaa/pb.v1"
  packages = ["."]
  revision = "18d384da9bdc1e5a08fc2a62a494c321d9ae74ea"
  version = "v1.0.19"

[solve-meta]
  analyzer-name = "dep"
  analyzer-version = 1
  inputs-digest = "3cadff3e9a3eac257eacf3572014492eab3e7a40157bb56ec1e05b5a67f8dbb3"
  solver-name = "gps-cdcl"
  solver-version = 1
